
Microsoft Visual Studio Solution File, Format Version 12.00
# Visual Studio 15
VisualStudioVersion = 15.0.26014.0
MinimumVisualStudioVersion = 10.0.40219.1
Project("{FAE04EC0-301F-11D3-BF4B-00C04F79EFBC}") = "MvcDemo.Web", "MvcDemo.Web\MvcDemo.Web.csproj", "{6A562182-B1BE-47D0-A5B6-FDAF8C440EF7}"
EndProject
Project("{FAE04EC0-301F-11D3-BF4B-00C04F79EFBC}") = "MvcDemo.Domain", "MvcDemo.Domain\MvcDemo.Domain.csproj", "{E7530137-EFAD-48F0-9947-EDB0613D4489}"
EndProject
Project("{FAE04EC0-301F-11D3-BF4B-00C04F79EFBC}") = "MvcDemo.Repository", "MvcDemo.Repository\MvcDemo.Repository.csproj", "{C5B184A4-3ED7-40B4-935D-34A8BBCA3377}"
EndProject
Project("{FAE04EC0-301F-11D3-BF4B-00C04F79EFBC}") = "MvcDemo.Service", "MvcDemo.Service\MvcDemo.Service.csproj", "{9E52DDFF-C2E5-4799-BF84-348AC7726B91}"
EndProject
Project("{00D1A9C2-B5F0-4AF3-8072-F6C62B433612}") = "MvcDemo.Database", "MvcDemo.Database\MvcDemo.Database.sqlproj", "{330BD282-D1B1-4C77-BDBB-C36EEAD8D213}"
EndProject
Project("{2150E333-8FDC-42A3-9474-1A3956D46DE8}") = "Resources", "Resources", "{B9043DBB-7780-4D29-AAB9-7B8F48C896D4}"
EndProject
Project("{2150E333-8FDC-42A3-9474-1A3956D46DE8}") = "Database Scripts", "Database Scripts", "{D5D76463-2E93-4907-AF37-30ED88981C28}"
	ProjectSection(SolutionItems) = preProject
		Resources\Database Scripts\MvcDemo.sql = Resources\Database Scripts\MvcDemo.sql
	EndProjectSection
EndProject
Project("{FAE04EC0-301F-11D3-BF4B-00C04F79EFBC}") = "MvcDemo.Model", "MvcDemo.Model\MvcDemo.Model.csproj", "{3D862A30-4138-40E4-B05D-6E9AFAE44964}"
EndProject
Project("{FAE04EC0-301F-11D3-BF4B-00C04F79EFBC}") = "MvcDemo.Service.Test.Unit", "MvcDemo.Service.Test.Unit\MvcDemo.Service.Test.Unit.csproj", "{25ECA99A-7C0D-4506-B5F6-8EF04EAE64ED}"
EndProject
Project("{FAE04EC0-301F-11D3-BF4B-00C04F79EFBC}") = "MvcDemo.Service.Test.Integration", "MvcDemo.Service.Test.Integration\MvcDemo.Service.Test.Integration.csproj", "{ED42F2EF-E650-490D-91DB-BCDB9FC27985}"
EndProject
Project("{2150E333-8FDC-42A3-9474-1A3956D46DE8}") = "Services", "Services", "{068EC59B-2F63-4FF3-AC36-C9DBA64ABC22}"
EndProject
Project("{2150E333-8FDC-42A3-9474-1A3956D46DE8}") = "Repositories", "Repositories", "{A876F132-12D5-4888-BCB4-78B6935306A1}"
EndProject
Project("{2150E333-8FDC-42A3-9474-1A3956D46DE8}") = "Database", "Database", "{4E96D3E6-B0DD-4059-AD1F-06973CAE5258}"
EndProject
Project("{FAE04EC0-301F-11D3-BF4B-00C04F79EFBC}") = "MvcDemo.UnitOfWork", "MvcDemo.UnitOfWork\MvcDemo.UnitOfWork.csproj", "{9F4EF9D5-E95D-4498-949B-36ACC772ACC0}"
EndProject
Project("{FAE04EC0-301F-11D3-BF4B-00C04F79EFBC}") = "MvcDemo.Resources", "MvcDemo.Resources\MvcDemo.Resources.csproj", "{1D43684D-FEC9-449E-87D6-01944CC35F83}"
EndProject
Project("{2150E333-8FDC-42A3-9474-1A3956D46DE8}") = "Domain", "Domain", "{EA8EA896-ADC0-4CDC-B6C1-792361E3CD2C}"
EndProject
Project("{2150E333-8FDC-42A3-9474-1A3956D46DE8}") = "UnitOfWork", "UnitOfWork", "{7474ABE7-29B1-470E-BC7D-5155AB1574FF}"
EndProject
Project("{2150E333-8FDC-42A3-9474-1A3956D46DE8}") = "Web", "Web", "{3A3D5F53-49C2-4B32-8C39-47D0315513F0}"
EndProject
Project("{2150E333-8FDC-42A3-9474-1A3956D46DE8}") = "Models", "Models", "{706BAB4F-2B58-413E-BBF1-E7A422A96002}"
EndProject
Global
	GlobalSection(SolutionConfigurationPlatforms) = preSolution
		Debug|Any CPU = Debug|Any CPU
		Release|Any CPU = Release|Any CPU
	EndGlobalSection
	GlobalSection(ProjectConfigurationPlatforms) = postSolution
		{6A562182-B1BE-47D0-A5B6-FDAF8C440EF7}.Debug|Any CPU.ActiveCfg = Debug|Any CPU
		{6A562182-B1BE-47D0-A5B6-FDAF8C440EF7}.Debug|Any CPU.Build.0 = Debug|Any CPU
		{6A562182-B1BE-47D0-A5B6-FDAF8C440EF7}.Release|Any CPU.ActiveCfg = Release|Any CPU
		{6A562182-B1BE-47D0-A5B6-FDAF8C440EF7}.Release|Any CPU.Build.0 = Release|Any CPU
		{E7530137-EFAD-48F0-9947-EDB0613D4489}.Debug|Any CPU.ActiveCfg = Debug|Any CPU
		{E7530137-EFAD-48F0-9947-EDB0613D4489}.Debug|Any CPU.Build.0 = Debug|Any CPU
		{E7530137-EFAD-48F0-9947-EDB0613D4489}.Release|Any CPU.ActiveCfg = Release|Any CPU
		{E7530137-EFAD-48F0-9947-EDB0613D4489}.Release|Any CPU.Build.0 = Release|Any CPU
		{C5B184A4-3ED7-40B4-935D-34A8BBCA3377}.Debug|Any CPU.ActiveCfg = Debug|Any CPU
		{C5B184A4-3ED7-40B4-935D-34A8BBCA3377}.Debug|Any CPU.Build.0 = Debug|Any CPU
		{C5B184A4-3ED7-40B4-935D-34A8BBCA3377}.Release|Any CPU.ActiveCfg = Release|Any CPU
		{C5B184A4-3ED7-40B4-935D-34A8BBCA3377}.Release|Any CPU.Build.0 = Release|Any CPU
		{9E52DDFF-C2E5-4799-BF84-348AC7726B91}.Debug|Any CPU.ActiveCfg = Debug|Any CPU
		{9E52DDFF-C2E5-4799-BF84-348AC7726B91}.Debug|Any CPU.Build.0 = Debug|Any CPU
		{9E52DDFF-C2E5-4799-BF84-348AC7726B91}.Release|Any CPU.ActiveCfg = Release|Any CPU
		{9E52DDFF-C2E5-4799-BF84-348AC7726B91}.Release|Any CPU.Build.0 = Release|Any CPU
		{330BD282-D1B1-4C77-BDBB-C36EEAD8D213}.Debug|Any CPU.ActiveCfg = Debug|Any CPU
		{330BD282-D1B1-4C77-BDBB-C36EEAD8D213}.Debug|Any CPU.Build.0 = Debug|Any CPU
		{330BD282-D1B1-4C77-BDBB-C36EEAD8D213}.Debug|Any CPU.Deploy.0 = Debug|Any CPU
		{330BD282-D1B1-4C77-BDBB-C36EEAD8D213}.Release|Any CPU.ActiveCfg = Release|Any CPU
		{330BD282-D1B1-4C77-BDBB-C36EEAD8D213}.Release|Any CPU.Build.0 = Release|Any CPU
		{330BD282-D1B1-4C77-BDBB-C36EEAD8D213}.Release|Any CPU.Deploy.0 = Release|Any CPU
		{3D862A30-4138-40E4-B05D-6E9AFAE44964}.Debug|Any CPU.ActiveCfg = Debug|Any CPU
		{3D862A30-4138-40E4-B05D-6E9AFAE44964}.Debug|Any CPU.Build.0 = Debug|Any CPU
		{3D862A30-4138-40E4-B05D-6E9AFAE44964}.Release|Any CPU.ActiveCfg = Release|Any CPU
		{3D862A30-4138-40E4-B05D-6E9AFAE44964}.Release|Any CPU.Build.0 = Release|Any CPU
		{25ECA99A-7C0D-4506-B5F6-8EF04EAE64ED}.Debug|Any CPU.ActiveCfg = Debug|Any CPU
		{25ECA99A-7C0D-4506-B5F6-8EF04EAE64ED}.Debug|Any CPU.Build.0 = Debug|Any CPU
		{25ECA99A-7C0D-4506-B5F6-8EF04EAE64ED}.Release|Any CPU.ActiveCfg = Release|Any CPU
		{25ECA99A-7C0D-4506-B5F6-8EF04EAE64ED}.Release|Any CPU.Build.0 = Release|Any CPU
		{ED42F2EF-E650-490D-91DB-BCDB9FC27985}.Debug|Any CPU.ActiveCfg = Debug|Any CPU
		{ED42F2EF-E650-490D-91DB-BCDB9FC27985}.Debug|Any CPU.Build.0 = Debug|Any CPU
		{ED42F2EF-E650-490D-91DB-BCDB9FC27985}.Release|Any CPU.ActiveCfg = Release|Any CPU
		{ED42F2EF-E650-490D-91DB-BCDB9FC27985}.Release|Any CPU.Build.0 = Release|Any CPU
		{9F4EF9D5-E95D-4498-949B-36ACC772ACC0}.Debug|Any CPU.ActiveCfg = Debug|Any CPU
		{9F4EF9D5-E95D-4498-949B-36ACC772ACC0}.Debug|Any CPU.Build.0 = Debug|Any CPU
		{9F4EF9D5-E95D-4498-949B-36ACC772ACC0}.Release|Any CPU.ActiveCfg = Release|Any CPU
		{9F4EF9D5-E95D-4498-949B-36ACC772ACC0}.Release|Any CPU.Build.0 = Release|Any CPU
		{1D43684D-FEC9-449E-87D6-01944CC35F83}.Debug|Any CPU.ActiveCfg = Debug|Any CPU
		{1D43684D-FEC9-449E-87D6-01944CC35F83}.Debug|Any CPU.Build.0 = Debug|Any CPU
		{1D43684D-FEC9-449E-87D6-01944CC35F83}.Release|Any CPU.ActiveCfg = Release|Any CPU
		{1D43684D-FEC9-449E-87D6-01944CC35F83}.Release|Any CPU.Build.0 = Release|Any CPU
	EndGlobalSection
	GlobalSection(SolutionProperties) = preSolution
		HideSolutionNode = FALSE
	EndGlobalSection
	GlobalSection(NestedProjects) = preSolution
		{6A562182-B1BE-47D0-A5B6-FDAF8C440EF7} = {3A3D5F53-49C2-4B32-8C39-47D0315513F0}
		{E7530137-EFAD-48F0-9947-EDB0613D4489} = {EA8EA896-ADC0-4CDC-B6C1-792361E3CD2C}
		{C5B184A4-3ED7-40B4-935D-34A8BBCA3377} = {A876F132-12D5-4888-BCB4-78B6935306A1}
		{9E52DDFF-C2E5-4799-BF84-348AC7726B91} = {068EC59B-2F63-4FF3-AC36-C9DBA64ABC22}
		{330BD282-D1B1-4C77-BDBB-C36EEAD8D213} = {4E96D3E6-B0DD-4059-AD1F-06973CAE5258}
		{D5D76463-2E93-4907-AF37-30ED88981C28} = {B9043DBB-7780-4D29-AAB9-7B8F48C896D4}
		{3D862A30-4138-40E4-B05D-6E9AFAE44964} = {706BAB4F-2B58-413E-BBF1-E7A422A96002}
		{25ECA99A-7C0D-4506-B5F6-8EF04EAE64ED} = {068EC59B-2F63-4FF3-AC36-C9DBA64ABC22}
		{ED42F2EF-E650-490D-91DB-BCDB9FC27985} = {068EC59B-2F63-4FF3-AC36-C9DBA64ABC22}
		{9F4EF9D5-E95D-4498-949B-36ACC772ACC0} = {7474ABE7-29B1-470E-BC7D-5155AB1574FF}
		{1D43684D-FEC9-449E-87D6-01944CC35F83} = {B9043DBB-7780-4D29-AAB9-7B8F48C896D4}
	EndGlobalSection
EndGlobal
